{
  "name": "computergraphics_20210793",
  "lockfileVersion": 3,
  "requires": true,
  "packages": {
    "": {
      "dependencies": {
        "three": "^0.181.1"
      }
    },
    "node_modules/three": {
      "version": "0.181.1",
      "resolved": "https://registry.npmjs.org/three/-/three-0.181.1.tgz",
      "integrity": "sha512-bz9xZUQMw3pJbjKy7roiwXWgAp+oVUa+4k5o0oBAQ+IFJuru1xzvtk63h6k72XZanXS/SgoEhV6927Vgazyq2w==",
      "license": "MIT"
    }
  }
}
